
Microsoft Visual Studio Solution File, Format Version 12.00
# Visual Studio Version 16
VisualStudioVersion = 16.0.29613.14
MinimumVisualStudioVersion = 10.0.40219.1
Project("{9A19103F-16F7-4668-BE54-9A1E7A4F7556}") = "IntroTest", "IntroTest\IntroTest.csproj", "{93AF6A44-1E75-4D6C-8D0A-F1DFD6BF9BC4}"
EndProject
Global
	GlobalSection(SolutionConfigurationPlatforms) = preSolution
		Debug|Any CPU = Debug|Any CPU
		Release|Any CPU = Release|Any CPU
	EndGlobalSection
	GlobalSection(ProjectConfigurationPlatforms) = postSolution
		{93AF6A44-1E75-4D6C-8D0A-F1DFD6BF9BC4}.Debug|Any CPU.ActiveCfg = Debug|Any CPU
		{93AF6A44-1E75-4D6C-8D0A-F1DFD6BF9BC4}.Debug|Any CPU.Build.0 = Debug|Any CPU
		{93AF6A44-1E75-4D6C-8D0A-F1DFD6BF9BC4}.Release|Any CPU.ActiveCfg = Release|Any CPU
		{93AF6A44-1E75-4D6C-8D0A-F1DFD6BF9BC4}.Release|Any CPU.Build.0 = Release|Any CPU
	EndGlobalSection
	GlobalSection(SolutionProperties) = preSolution
		HideSolutionNode = FALSE
	EndGlobalSection
	GlobalSection(ExtensibilityGlobals) = postSolution
		SolutionGuid = {22CF3B67-741C-4291-BC96-98B4ACC85562}
	EndGlobalSection
EndGlobal
